Microsoft Visual Studio Solution File, Format Version 12.00
# Visual Studio Version 17
VisualStudioVersion = 17.5.2.0
MinimumVisualStudioVersion = 10.0.40219.1
Project("{FAE04EC0-301F-11D3-BF4B-00C04F79EFBC}") = "MiniEShop", "MiniEShop.csproj", "{8F14F484-E19E-0756-A711-7597B9392621}"
EndProject
Global
	GlobalSection(SolutionConfigurationPlatforms) = preSolution
		Debug|Any CPU = Debug|Any CPU
		Release|Any CPU = Release|Any CPU
	EndGlobalSection
	GlobalSection(ProjectConfigurationPlatforms) = postSolution
		{8F14F484-E19E-0756-A711-7597B9392621}.Debug|Any CPU.ActiveCfg = Debug|Any CPU
		{8F14F484-E19E-0756-A711-7597B9392621}.Debug|Any CPU.Build.0 = Debug|Any CPU
		{8F14F484-E19E-0756-A711-7597B9392621}.Release|Any CPU.ActiveCfg = Release|Any CPU
		{8F14F484-E19E-0756-A711-7597B9392621}.Release|Any CPU.Build.0 = Release|Any CPU
	EndGlobalSection
	GlobalSection(SolutionProperties) = preSolution
		HideSolutionNode = FALSE
	EndGlobalSection
	GlobalSection(ExtensibilityGlobals) = postSolution
		SolutionGuid = {591CF062-037B-47D0-9C43-F98C3298FB44}
	EndGlobalSection
EndGlobal
